Microsoft Visual Studio Solution File, Format Version 12.00
# Visual Studio Version 17
VisualStudioVersion = 17.5.2.0
MinimumVisualStudioVersion = 10.0.40219.1
Global
	GlobalSection(SolutionConfigurationPlatforms) = preSolution
		Debug|Any CPU = Debug|Any CPU
		Release|Any CPU = Release|Any CPU
	EndGlobalSection
	GlobalSection(ProjectConfigurationPlatforms) = postSolution
		{0E37E0D6-D04A-471C-0D3D-FF44074B7ADE}.Debug|Any CPU.ActiveCfg = Debug|Any CPU
		{0E37E0D6-D04A-471C-0D3D-FF44074B7ADE}.Debug|Any CPU.Build.0 = Debug|Any CPU
		{0E37E0D6-D04A-471C-0D3D-FF44074B7ADE}.Release|Any CPU.ActiveCfg = Release|Any CPU
		{0E37E0D6-D04A-471C-0D3D-FF44074B7ADE}.Release|Any CPU.Build.0 = Release|Any CPU
	EndGlobalSection
	GlobalSection(SolutionProperties) = preSolution
		HideSolutionNode = FALSE
	EndGlobalSection
	GlobalSection(ExtensibilityGlobals) = postSolution
		SolutionGuid = {6173B796-C03D-4683-AD78-7D6B46A96786}
	EndGlobalSection
EndGlobal
